// !$*UTF8*$!
{
	archiveVersion = 1;
	classes = {
	};
	objectVersion = 46;
	objects = {

/* Begin PBXBuildFile section */
		2A66D35E19BE561800428144 /* AppDelegate.swift in Sources */ = {isa = PBXBuildFile; fileRef = 2A66D35D19BE561800428144 /* AppDelegate.swift */; };
		2A66D36019BE561800428144 /* ViewController.swift in Sources */ = {isa = PBXBuildFile; fileRef = 2A66D35F19BE561800428144 /* ViewController.swift */; };
		2A66D36319BE561800428144 /* Main.storyboard in Resources */ = {isa = PBXBuildFile; fileRef = 2A66D36119BE561800428144 /* Main.storyboard */; };
		2A66D36519BE561800428144 /* Images.xcassets in Resources */ = {isa = PBXBuildFile; fileRef = 2A66D36419BE561800428144 /* Images.xcassets */; };
		2A66D37119BE561800428144 /* Photo_Search_ExampleTests.swift in Sources */ = {isa = PBXBuildFile; fileRef = 2A66D37019BE561800428144 /* Photo_Search_ExampleTests.swift */; };
		2A66D48819BE572200428144 /* AFHTTPRequestOperation.m in Sources */ = {isa = PBXBuildFile; fileRef = 2A66D47619BE572200428144 /* AFHTTPRequestOperation.m */; };
		2A66D48919BE572200428144 /* AFHTTPRequestOperationManager.m in Sources */ = {isa = PBXBuildFile; fileRef = 2A66D47819BE572200428144 /* AFHTTPRequestOperationManager.m */; };
		2A66D48A19BE572200428144 /* AFHTTPSessionManager.m in Sources */ = {isa = PBXBuildFile; fileRef = 2A66D47A19BE572200428144 /* AFHTTPSessionManager.m */; };
		2A66D48B19BE572200428144 /* AFNetworkReachabilityManager.m in Sources */ = {isa = PBXBuildFile; fileRef = 2A66D47D19BE572200428144 /* AFNetworkReachabilityManager.m */; };
		2A66D48C19BE572200428144 /* AFSecurityPolicy.m in Sources */ = {isa = PBXBuildFile; fileRef = 2A66D47F19BE572200428144 /* AFSecurityPolicy.m */; };
		2A66D48D19BE572200428144 /* AFURLConnectionOperation.m in Sources */ = {isa = PBXBuildFile; fileRef = 2A66D48119BE572200428144 /* AFURLConnectionOperation.m */; };
		2A66D48E19BE572200428144 /* AFURLRequestSerialization.m in Sources */ = {isa = PBXBuildFile; fileRef = 2A66D48319BE572200428144 /* AFURLRequestSerialization.m */; };
		2A66D48F19BE572200428144 /* AFURLResponseSerialization.m in Sources */ = {isa = PBXBuildFile; fileRef = 2A66D48519BE572200428144 /* AFURLResponseSerialization.m */; };
		2A66D49019BE572200428144 /* AFURLSessionManager.m in Sources */ = {isa = PBXBuildFile; fileRef = 2A66D48719BE572200428144 /* AFURLSessionManager.m */; };
		2A66D4A319BE5D6E00428144 /* AFNetworkActivityIndicatorManager.m in Sources */ = {isa = PBXBuildFile; fileRef = 2A66D49319BE5D6E00428144 /* AFNetworkActivityIndicatorManager.m */; };
		2A66D4A419BE5D6E00428144 /* UIActivityIndicatorView+AFNetworking.m in Sources */ = {isa = PBXBuildFile; fileRef = 2A66D49519BE5D6E00428144 /* UIActivityIndicatorView+AFNetworking.m */; };
		2A66D4A519BE5D6E00428144 /* UIAlertView+AFNetworking.m in Sources */ = {isa = PBXBuildFile; fileRef = 2A66D49719BE5D6E00428144 /* UIAlertView+AFNetworking.m */; };
		2A66D4A619BE5D6E00428144 /* UIButton+AFNetworking.m in Sources */ = {isa = PBXBuildFile; fileRef = 2A66D49919BE5D6E00428144 /* UIButton+AFNetworking.m */; };
		2A66D4A719BE5D6E00428144 /* UIImageView+AFNetworking.m in Sources */ = {isa = PBXBuildFile; fileRef = 2A66D49B19BE5D6E00428144 /* UIImageView+AFNetworking.m */; };
		2A66D4A819BE5D6E00428144 /* UIProgressView+AFNetworking.m in Sources */ = {isa = PBXBuildFile; fileRef = 2A66D49E19BE5D6E00428144 /* UIProgressView+AFNetworking.m */; };
		2A66D4A919BE5D6E00428144 /* UIRefreshControl+AFNetworking.m in Sources */ = {isa = PBXBuildFile; fileRef = 2A66D4A019BE5D6E00428144 /* UIRefreshControl+AFNetworking.m */; };
		2A66D4AA19BE5D6E00428144 /* UIWebView+AFNetworking.m in Sources */ = {isa = PBXBuildFile; fileRef = 2A66D4A219BE5D6E00428144 /* UIWebView+AFNetworking.m */; };
/* End PBXBuildFile section */

/* Begin PBXContainerItemProxy section */
		2A66D36B19BE561800428144 /* PBXContainerItemProxy */ = {
			isa = PBXContainerItemProxy;
			containerPortal = 2A66D35019BE561800428144 /* Project object */;
			proxyType = 1;
			remoteGlobalIDString = 2A66D35719BE561800428144;
			remoteInfo = "Photo Search Example";
		};
/* End PBXContainerItemProxy section */

/* Begin PBXFileReference section */
		2A66D35819BE561800428144 /* Photo Search Example.app */ = {isa = PBXFileReference; explicitFileType = wrapper.application; includeInIndex = 0; path = "Photo Search Example.app"; sourceTree = BUILT_PRODUCTS_DIR; };
		2A66D35C19BE561800428144 /* Info.plist */ = {isa = PBXFileReference; lastKnownFileType = text.plist.xml; path = Info.plist; sourceTree = "<group>"; };
		2A66D35D19BE561800428144 /* AppDelegate.swift */ = {isa = PBXFileReference; lastKnownFileType = sourcecode.swift; path = AppDelegate.swift; sourceTree = "<group>"; };
		2A66D35F19BE561800428144 /* ViewController.swift */ = {isa = PBXFileReference; lastKnownFileType = sourcecode.swift; path = ViewController.swift; sourceTree = "<group>"; };
		2A66D36219BE561800428144 /* Base */ = {isa = PBXFileReference; lastKnownFileType = file.storyboard; name = Base; path = Base.lproj/Main.storyboard; sourceTree = "<group>"; };
		2A66D36419BE561800428144 /* Images.xcassets */ = {isa = PBXFileReference; lastKnownFileType = folder.assetcatalog; path = Images.xcassets; sourceTree = "<group>"; };
		2A66D36A19BE561800428144 /* Photo Search ExampleTests.xctest */ = {isa = PBXFileReference; explicitFileType = wrapper.cfbundle; includeInIndex = 0; path = "Photo Search ExampleTests.xctest"; sourceTree = BUILT_PRODUCTS_DIR; };
		2A66D36F19BE561800428144 /* Info.plist */ = {isa = PBXFileReference; lastKnownFileType = text.plist.xml; path = Info.plist; sourceTree = "<group>"; };
		2A66D37019BE561800428144 /* Photo_Search_ExampleTests.swift */ = {isa = PBXFileReference; lastKnownFileType = sourcecode.swift; path = Photo_Search_ExampleTests.swift; sourceTree = "<group>"; };
		2A66D37A19BE565E00428144 /* bridge.h */ = {isa = PBXFileReference; lastKnownFileType = sourcecode.c.h; name = bridge.h; path = "Photo Search Example/bridge.h"; sourceTree = SOURCE_ROOT; };
		2A66D47519BE572200428144 /* AFHTTPRequestOperation.h */ = {isa = PBXFileReference; fileEncoding = 4; lastKnownFileType = sourcecode.c.h; path = AFHTTPRequestOperation.h; sourceTree = "<group>"; };
		2A66D47619BE572200428144 /* AFHTTPRequestOperation.m */ = {isa = PBXFileReference; fileEncoding = 4; lastKnownFileType = sourcecode.c.objc; path = AFHTTPRequestOperation.m; sourceTree = "<group>"; };
		2A66D47719BE572200428144 /* AFHTTPRequestOperationManager.h */ = {isa = PBXFileReference; fileEncoding = 4; lastKnownFileType = sourcecode.c.h; path = AFHTTPRequestOperationManager.h; sourceTree = "<group>"; };
		2A66D47819BE572200428144 /* AFHTTPRequestOperationManager.m */ = {isa = PBXFileReference; fileEncoding = 4; lastKnownFileType = sourcecode.c.objc; path = AFHTTPRequestOperationManager.m; sourceTree = "<group>"; };
		2A66D47919BE572200428144 /* AFHTTPSessionManager.h */ = {isa = PBXFileReference; fileEncoding = 4; lastKnownFileType = sourcecode.c.h; path = AFHTTPSessionManager.h; sourceTree = "<group>"; };
		2A66D47A19BE572200428144 /* AFHTTPSessionManager.m */ = {isa = PBXFileReference; fileEncoding = 4; lastKnownFileType = sourcecode.c.objc; path = AFHTTPSessionManager.m; sourceTree = "<group>"; };
		2A66D47B19BE572200428144 /* AFNetworking.h */ = {isa = PBXFileReference; fileEncoding = 4; lastKnownFileType = sourcecode.c.h; name = AFNetworking.h; path = AFNetworking/AFNetworking/AFNetworking.h; sourceTree = SOURCE_ROOT; };
		2A66D47C19BE572200428144 /* AFNetworkReachabilityManager.h */ = {isa = PBXFileReference; fileEncoding = 4; lastKnownFileType = sourcecode.c.h; path = AFNetworkReachabilityManager.h; sourceTree = "<group>"; };
		2A66D47D19BE572200428144 /* AFNetworkReachabilityManager.m */ = {isa = PBXFileReference; fileEncoding = 4; lastKnownFileType = sourcecode.c.objc; path = AFNetworkReachabilityManager.m; sourceTree = "<group>"; };
		2A66D47E19BE572200428144 /* AFSecurityPolicy.h */ = {isa = PBXFileReference; fileEncoding = 4; lastKnownFileType = sourcecode.c.h; path = AFSecurityPolicy.h; sourceTree = "<group>"; };
		2A66D47F19BE572200428144 /* AFSecurityPolicy.m */ = {isa = PBXFileReference; fileEncoding = 4; lastKnownFileType = sourcecode.c.objc; path = AFSecurityPolicy.m; sourceTree = "<group>"; };
		2A66D48019BE572200428144 /* AFURLConnectionOperation.h */ = {isa = PBXFileReference; fileEncoding = 4; lastKnownFileType = sourcecode.c.h; path = AFURLConnectionOperation.h; sourceTree = "<group>"; };
		2A66D48119BE572200428144 /* AFURLConnectionOperation.m */ = {isa = PBXFileReference; fileEncoding = 4; lastKnownFileType = sourcecode.c.objc; path = AFURLConnectionOperation.m; sourceTree = "<group>"; };
		2A66D48219BE572200428144 /* AFURLRequestSerialization.h */ = {isa = PBXFileReference; fileEncoding = 4; lastKnownFileType = sourcecode.c.h; path = AFURLRequestSerialization.h; sourceTree = "<group>"; };
		2A66D48319BE572200428144 /* AFURLRequestSerialization.m */ = {isa = PBXFileReference; fileEncoding = 4; lastKnownFileType = sourcecode.c.objc; path = AFURLRequestSerialization.m; sourceTree = "<group>"; };
		2A66D48419BE572200428144 /* AFURLResponseSerialization.h */ = {isa = PBXFileReference; fileEncoding = 4; lastKnownFileType = sourcecode.c.h; path = AFURLResponseSerialization.h; sourceTree = "<group>"; };
		2A66D48519BE572200428144 /* AFURLResponseSerialization.m */ = {isa = PBXFileReference; fileEncoding = 4; lastKnownFileType = sourcecode.c.objc; path = AFURLResponseSerialization.m; sourceTree = "<group>"; };
		2A66D48619BE572200428144 /* AFURLSessionManager.h */ = {isa = PBXFileReference; fileEncoding = 4; lastKnownFileType = sourcecode.c.h; path = AFURLSessionManager.h; sourceTree = "<group>"; };
		2A66D48719BE572200428144 /* AFURLSessionManager.m */ = {isa = PBXFileReference; fileEncoding = 4; lastKnownFileType = sourcecode.c.objc; path = AFURLSessionManager.m; sourceTree = "<group>"; };
		2A66D49219BE5D6E00428144 /* AFNetworkActivityIndicatorManager.h */ = {isa = PBXFileReference; fileEncoding = 4; lastKnownFileType = sourcecode.c.h; path = AFNetworkActivityIndicatorManager.h; sourceTree = "<group>"; };
		2A66D49319BE5D6E00428144 /* AFNetworkActivityIndicatorManager.m */ = {isa = PBXFileReference; fileEncoding = 4; lastKnownFileType = sourcecode.c.objc; path = AFNetworkActivityIndicatorManager.m; sourceTree = "<group>"; };
		2A66D49419BE5D6E00428144 /* UIActivityIndicatorView+AFNetworking.h */ = {isa = PBXFileReference; fileEncoding = 4; lastKnownFileType = sourcecode.c.h; path = "UIActivityIndicatorView+AFNetworking.h"; sourceTree = "<group>"; };
		2A66D49519BE5D6E00428144 /* UIActivityIndicatorView+AFNetworking.m */ = {isa = PBXFileReference; fileEncoding = 4; lastKnownFileType = sourcecode.c.objc; path = "UIActivityIndicatorView+AFNetworking.m"; sourceTree = "<group>"; };
		2A66D49619BE5D6E00428144 /* UIAlertView+AFNetworking.h */ = {isa = PBXFileReference; fileEncoding = 4; lastKnownFileType = sourcecode.c.h; path = "UIAlertView+AFNetworking.h"; sourceTree = "<group>"; };
		2A66D49719BE5D6E00428144 /* UIAlertView+AFNetworking.m */ = {isa = PBXFileReference; fileEncoding = 4; lastKnownFileType = sourcecode.c.objc; path = "UIAlertView+AFNetworking.m"; sourceTree = "<group>"; };
		2A66D49819BE5D6E00428144 /* UIButton+AFNetworking.h */ = {isa = PBXFileReference; fileEncoding = 4; lastKnownFileType = sourcecode.c.h; path = "UIButton+AFNetworking.h"; sourceTree = "<group>"; };
		2A66D49919BE5D6E00428144 /* UIButton+AFNetworking.m */ = {isa = PBXFileReference; fileEncoding = 4; lastKnownFileType = sourcecode.c.objc; path = "UIButton+AFNetworking.m"; sourceTree = "<group>"; };
		2A66D49A19BE5D6E00428144 /* UIImageView+AFNetworking.h */ = {isa = PBXFileReference; fileEncoding = 4; lastKnownFileType = sourcecode.c.h; path = "UIImageView+AFNetworking.h"; sourceTree = "<group>"; };
		2A66D49B19BE5D6E00428144 /* UIImageView+AFNetworking.m */ = {isa = PBXFileReference; fileEncoding = 4; lastKnownFileType = sourcecode.c.objc; path = "UIImageView+AFNetworking.m"; sourceTree = "<group>"; };
		2A66D49C19BE5D6E00428144 /* UIKit+AFNetworking.h */ = {isa = PBXFileReference; fileEncoding = 4; lastKnownFileType = sourcecode.c.h; path = "UIKit+AFNetworking.h"; sourceTree = "<group>"; };
		2A66D49D19BE5D6E00428144 /* UIProgressView+AFNetworking.h */ = {isa = PBXFileReference; fileEncoding = 4; lastKnownFileType = sourcecode.c.h; path = "UIProgressView+AFNetworking.h"; sourceTree = "<group>"; };
		2A66D49E19BE5D6E00428144 /* UIProgressView+AFNetworking.m */ = {isa = PBXFileReference; fileEncoding = 4; lastKnownFileType = sourcecode.c.objc; path = "UIProgressView+AFNetworking.m"; sourceTree = "<group>"; };
		2A66D49F19BE5D6E00428144 /* UIRefreshControl+AFNetworking.h */ = {isa = PBXFileReference; fileEncoding = 4; lastKnownFileType = sourcecode.c.h; path = "UIRefreshControl+AFNetworking.h"; sourceTree = "<group>"; };
		2A66D4A019BE5D6E00428144 /* UIRefreshControl+AFNetworking.m */ = {isa = PBXFileReference; fileEncoding = 4; lastKnownFileType = sourcecode.c.objc; path = "UIRefreshControl+AFNetworking.m"; sourceTree = "<group>"; };
		2A66D4A119BE5D6E00428144 /* UIWebView+AFNetworking.h */ = {isa = PBXFileReference; fileEncoding = 4; lastKnownFileType = sourcecode.c.h; path = "UIWebView+AFNetworking.h"; sourceTree = "<group>"; };
		2A66D4A219BE5D6E00428144 /* UIWebView+AFNetworking.m */ = {isa = PBXFileReference; fileEncoding = 4; lastKnownFileType = sourcecode.c.objc; path = "UIWebView+AFNetworking.m"; sourceTree = "<group>"; };
/* End PBXFileReference section */

/* Begin PBXFrameworksBuildPhase section */
		2A66D35519BE561800428144 /* Frameworks */ = {
			isa = PBXFrameworksBuildPhase;
			buildActionMask = 2147483647;
			files = (
			);
			runOnlyForDeploymentPostprocessing = 0;
		};
		2A66D36719BE561800428144 /* Frameworks */ = {
			isa = PBXFrameworksBuildPhase;
			buildActionMask = 2147483647;
			files = (
			);
			runOnlyForDeploymentPostprocessing = 0;
		};
/* End PBXFrameworksBuildPhase section */

/* Begin PBXGroup section */
		2A66D34F19BE561800428144 = {
			isa = PBXGroup;
			children = (
				2A66D49119BE5D6E00428144 /* UIKit+AFNetworking */,
				2A66D47419BE572200428144 /* AFNetworking */,
				2A66D35A19BE561800428144 /* Photo Search Example */,
				2A66D36D19BE561800428144 /* Photo Search ExampleTests */,
				2A66D35919BE561800428144 /* Products */,
			);
			sourceTree = "<group>";
		};
		2A66D35919BE561800428144 /* Products */ = {
			isa = PBXGroup;
			children = (
				2A66D35819BE561800428144 /* Photo Search Example.app */,
				2A66D36A19BE561800428144 /* Photo Search ExampleTests.xctest */,
			);
			name = Products;
			sourceTree = "<group>";
		};
		2A66D35A19BE561800428144 /* Photo Search Example */ = {
			isa = PBXGroup;
			children = (
				2A66D35D19BE561800428144 /* AppDelegate.swift */,
				2A66D35F19BE561800428144 /* ViewController.swift */,
				2A66D37A19BE565E00428144 /* bridge.h */,
				2A66D36119BE561800428144 /* Main.storyboard */,
				2A66D36419BE561800428144 /* Images.xcassets */,
				2A66D35B19BE561800428144 /* Supporting Files */,
			);
			path = "Photo Search Example";
			sourceTree = "<group>";
		};
		2A66D35B19BE561800428144 /* Supporting Files */ = {
			isa = PBXGroup;
			children = (
				2A66D35C19BE561800428144 /* Info.plist */,
			);
			name = "Supporting Files";
			sourceTree = "<group>";
		};
		2A66D36D19BE561800428144 /* Photo Search ExampleTests */ = {
			isa = PBXGroup;
			children = (
				2A66D37019BE561800428144 /* Photo_Search_ExampleTests.swift */,
				2A66D36E19BE561800428144 /* Supporting Files */,
			);
			path = "Photo Search ExampleTests";
			sourceTree = "<group>";
		};
		2A66D36E19BE561800428144 /* Supporting Files */ = {
			isa = PBXGroup;
			children = (
				2A66D36F19BE561800428144 /* Info.plist */,
			);
			name = "Supporting Files";
			sourceTree = "<group>";
		};
		2A66D47419BE572200428144 /* AFNetworking */ = {
			isa = PBXGroup;
			children = (
				2A66D47519BE572200428144 /* AFHTTPRequestOperation.h */,
				2A66D47619BE572200428144 /* AFHTTPRequestOperation.m */,
				2A66D47719BE572200428144 /* AFHTTPRequestOperationManager.h */,
				2A66D47819BE572200428144 /* AFHTTPRequestOperationManager.m */,
				2A66D47919BE572200428144 /* AFHTTPSessionManager.h */,
				2A66D47A19BE572200428144 /* AFHTTPSessionManager.m */,
				2A66D47B19BE572200428144 /* AFNetworking.h */,
				2A66D47C19BE572200428144 /* AFNetworkReachabilityManager.h */,
				2A66D47D19BE572200428144 /* AFNetworkReachabilityManager.m */,
				2A66D47E19BE572200428144 /* AFSecurityPolicy.h */,
				2A66D47F19BE572200428144 /* AFSecurityPolicy.m */,
				2A66D48019BE572200428144 /* AFURLConnectionOperation.h */,
				2A66D48119BE572200428144 /* AFURLConnectionOperation.m */,
				2A66D48219BE572200428144 /* AFURLRequestSerialization.h */,
				2A66D48319BE572200428144 /* AFURLRequestSerialization.m */,
				2A66D48419BE572200428144 /* AFURLResponseSerialization.h */,
				2A66D48519BE572200428144 /* AFURLResponseSerialization.m */,
				2A66D48619BE572200428144 /* AFURLSessionManager.h */,
				2A66D48719BE572200428144 /* AFURLSessionManager.m */,
			);
			name = AFNetworking;
			path = AFNetworking/AFNetworking;
			sourceTree = "<group>";
		};
		2A66D49119BE5D6E00428144 /* UIKit+AFNetworking */ = {
			isa = PBXGroup;
			children = (
				2A66D49219BE5D6E00428144 /* AFNetworkActivityIndicatorManager.h */,
				2A66D49319BE5D6E00428144 /* AFNetworkActivityIndicatorManager.m */,
				2A66D49419BE5D6E00428144 /* UIActivityIndicatorView+AFNetworking.h */,
				2A66D49519BE5D6E00428144 /* UIActivityIndicatorView+AFNetworking.m */,
				2A66D49619BE5D6E00428144 /* UIAlertView+AFNetworking.h */,
				2A66D49719BE5D6E00428144 /* UIAlertView+AFNetworking.m */,
				2A66D49819BE5D6E00428144 /* UIButton+AFNetworking.h */,
				2A66D49919BE5D6E00428144 /* UIButton+AFNetworking.m */,
				2A66D49A19BE5D6E00428144 /* UIImageView+AFNetworking.h */,
				2A66D49B19BE5D6E00428144 /* UIImageView+AFNetworking.m */,
				2A66D49C19BE5D6E00428144 /* UIKit+AFNetworking.h */,
				2A66D49D19BE5D6E00428144 /* UIProgressView+AFNetworking.h */,
				2A66D49E19BE5D6E00428144 /* UIProgressView+AFNetworking.m */,
				2A66D49F19BE5D6E00428144 /* UIRefreshControl+AFNetworking.h */,
				2A66D4A019BE5D6E00428144 /* UIRefreshControl+AFNetworking.m */,
				2A66D4A119BE5D6E00428144 /* UIWebView+AFNetworking.h */,
				2A66D4A219BE5D6E00428144 /* UIWebView+AFNetworking.m */,
			);
			name = "UIKit+AFNetworking";
			path = "AFNetworking/UIKit+AFNetworking";
			sourceTree = "<group>";
		};
/* End PBXGroup section */

/* Begin PBXNativeTarget section */
		2A66D35719BE561800428144 /* Photo Search Example */ = {
			isa = PBXNativeTarget;
			buildConfigurationList = 2A66D37419BE561800428144 /* Build configuration list for PBXNativeTarget "Photo Search Example" */;
			buildPhases = (
				2A66D35419BE561800428144 /* Sources */,
				2A66D35519BE561800428144 /* Frameworks */,
				2A66D35619BE561800428144 /* Resources */,
			);
			buildRules = (
			);
			dependencies = (
			);
			name = "Photo Search Example";
			productName = "Photo Search Example";
			productReference = 2A66D35819BE561800428144 /* Photo Search Example.app */;
			productType = "com.apple.product-type.application";
		};
		2A66D36919BE561800428144 /* Photo Search ExampleTests */ = {
			isa = PBXNativeTarget;
			buildConfigurationList = 2A66D37719BE561800428144 /* Build configuration list for PBXNativeTarget "Photo Search ExampleTests" */;
			buildPhases = (
				2A66D36619BE561800428144 /* Sources */,
				2A66D36719BE561800428144 /* Frameworks */,
				2A66D36819BE561800428144 /* Resources */,
			);
			buildRules = (
			);
			dependencies = (
				2A66D36C19BE561800428144 /* PBXTargetDependency */,
			);
			name = "Photo Search ExampleTests";
			productName = "Photo Search ExampleTests";
			productReference = 2A66D36A19BE561800428144 /* Photo Search ExampleTests.xctest */;
			productType = "com.apple.product-type.bundle.unit-test";
		};
/* End PBXNativeTarget section */

/* Begin PBXProject section */
		2A66D35019BE561800428144 /* Project object */ = {
			isa = PBXProject;
			attributes = {
				LastUpgradeCheck = 0600;
				ORGANIZATIONNAME = "Andrew Varvel";
				TargetAttributes = {
					2A66D35719BE561800428144 = {
						CreatedOnToolsVersion = 6.0;
					};
					2A66D36919BE561800428144 = {
						CreatedOnToolsVersion = 6.0;
						TestTargetID = 2A66D35719BE561800428144;
					};
				};
			};
			buildConfigurationList = 2A66D35319BE561800428144 /* Build configuration list for PBXProject "Photo Search Example" */;
			compatibilityVersion = "Xcode 3.2";
			developmentRegion = English;
			hasScannedForEncodings = 0;
			knownRegions = (
				en,
				Base,
			);
			mainGroup = 2A66D34F19BE561800428144;
			productRefGroup = 2A66D35919BE561800428144 /* Products */;
			projectDirPath = "";
			projectRoot = "";
			targets = (
				2A66D35719BE561800428144 /* Photo Search Example */,
				2A66D36919BE561800428144 /* Photo Search ExampleTests */,
			);
		};
/* End PBXProject section */

/* Begin PBXResourcesBuildPhase section */
		2A66D35619BE561800428144 /* Resources */ = {
			isa = PBXResourcesBuildPhase;
			buildActionMask = 2147483647;
			files = (
				2A66D36319BE561800428144 /* Main.storyboard in Resources */,
				2A66D36519BE561800428144 /* Images.xcassets in Resources */,
			);
			runOnlyForDeploymentPostprocessing = 0;
		};
		2A66D36819BE561800428144 /* Resources */ = {
			isa = PBXResourcesBuildPhase;
			buildActionMask = 2147483647;
			files = (
			);
			runOnlyForDeploymentPostprocessing = 0;
		};
/* End PBXResourcesBuildPhase section */

/* Begin PBXSourcesBuildPhase section */
		2A66D35419BE561800428144 /* Sources */ = {
			isa = PBXSourcesBuildPhase;
			buildActionMask = 2147483647;
			files = (
				2A66D48E19BE572200428144 /* AFURLRequestSerialization.m in Sources */,
				2A66D48D19BE572200428144 /* AFURLConnectionOperation.m in Sources */,
				2A66D4A519BE5D6E00428144 /* UIAlertView+AFNetworking.m in Sources */,
				2A66D48C19BE572200428144 /* AFSecurityPolicy.m in Sources */,
				2A66D48819BE572200428144 /* AFHTTPRequestOperation.m in Sources */,
				2A66D49019BE572200428144 /* AFURLSessionManager.m in Sources */,
				2A66D48F19BE572200428144 /* AFURLResponseSerialization.m in Sources */,
				2A66D36019BE561800428144 /* ViewController.swift in Sources */,
				2A66D4A819BE5D6E00428144 /* UIProgressView+AFNetworking.m in Sources */,
				2A66D48A19BE572200428144 /* AFHTTPSessionManager.m in Sources */,
				2A66D4A319BE5D6E00428144 /* AFNetworkActivityIndicatorManager.m in Sources */,
				2A66D48919BE572200428144 /* AFHTTPRequestOperationManager.m in Sources */,
				2A66D4A719BE5D6E00428144 /* UIImageView+AFNetworking.m in Sources */,
				2A66D4A619BE5D6E00428144 /* UIButton+AFNetworking.m in Sources */,
				2A66D4A919BE5D6E00428144 /* UIRefreshControl+AFNetworking.m in Sources */,
				2A66D4AA19BE5D6E00428144 /* UIWebView+AFNetworking.m in Sources */,
				2A66D48B19BE572200428144 /* AFNetworkReachabilityManager.m in Sources */,
				2A66D35E19BE561800428144 /* AppDelegate.swift in Sources */,
				2A66D4A419BE5D6E00428144 /* UIActivityIndicatorView+AFNetworking.m in Sources */,
			);
			runOnlyForDeploymentPostprocessing = 0;
		};
		2A66D36619BE561800428144 /* Sources */ = {
			isa = PBXSourcesBuildPhase;
			buildActionMask = 2147483647;
			files = (
				2A66D37119BE561800428144 /* Photo_Search_ExampleTests.swift in Sources */,
			);
			runOnlyForDeploymentPostprocessing = 0;
		};
/* End PBXSourcesBuildPhase section */

/* Begin PBXTargetDependency section */
		2A66D36C19BE561800428144 /* PBXTargetDependency */ = {
			isa = PBXTargetDependency;
			target = 2A66D35719BE561800428144 /* Photo Search Example */;
			targetProxy = 2A66D36B19BE561800428144 /* PBXContainerItemProxy */;
		};
/* End PBXTargetDependency section */

/* Begin PBXVariantGroup section */
		2A66D36119BE561800428144 /* Main.storyboard */ = {
			isa = PBXVariantGroup;
			children = (
				2A66D36219BE561800428144 /* Base */,
			);
			name = Main.storyboard;
			sourceTree = "<group>";
		};
/* End PBXVariantGroup section */

/* Begin XCBuildConfiguration section */
		2A66D37219BE561800428144 /* Debug */ = {
			isa = XCBuildConfiguration;
			buildSettings = {
				ALWAYS_SEARCH_USER_PATHS = NO;
				CLANG_CXX_LANGUAGE_STANDARD = "gnu++0x";
				CLANG_CXX_LIBRARY = "libc++";
				CLANG_ENABLE_MODULES = YES;
				CLANG_ENABLE_OBJC_ARC = YES;
				CLANG_WARN_BOOL_CONVERSION = YES;
				CLANG_WARN_CONSTANT_CONVERSION = YES;
				CLANG_WARN_DIRECT_OBJC_ISA_USAGE = YES_ERROR;
				CLANG_WARN_EMPTY_BODY = YES;
				CLANG_WARN_ENUM_CONVERSION = YES;
				CLANG_WARN_INT_CONVERSION = YES;
				CLANG_WARN_OBJC_ROOT_CLASS = YES_ERROR;
				CLANG_WARN_UNREACHABLE_CODE = YES;
				CLANG_WARN__DUPLICATE_METHOD_MATCH = YES;
				"CODE_SIGN_IDENTITY[sdk=iphoneos*]" = "iPhone Developer";
				COPY_PHASE_STRIP = NO;
				ENABLE_STRICT_OBJC_MSGSEND = YES;
				GCC_C_LANGUAGE_STANDARD = gnu99;
				GCC_DYNAMIC_NO_PIC = NO;
				GCC_OPTIMIZATION_LEVEL = 0;
				GCC_PREPROCESSOR_DEFINITIONS = (
					"DEBUG=1",
					"$(inherited)",
				);
				GCC_SYMBOLS_PRIVATE_EXTERN = NO;
				GCC_WARN_64_TO_32_BIT_CONVERSION = YES;
				GCC_WARN_ABOUT_RETURN_TYPE = YES_ERROR;
				GCC_WARN_UNDECLARED_SELECTOR = YES;
				GCC_WARN_UNINITIALIZED_AUTOS = YES_AGGRESSIVE;
				GCC_WARN_UNUSED_FUNCTION = YES;
				GCC_WARN_UNUSED_VARIABLE = YES;
				IPHONEOS_DEPLOYMENT_TARGET = 8.0;
				MTL_ENABLE_DEBUG_INFO = YES;
				ONLY_ACTIVE_ARCH = YES;
				SDKROOT = iphoneos;
				SWIFT_OPTIMIZATION_LEVEL = "-Onone";
			};
			name = Debug;
		};
		2A66D37319BE561800428144 /* Release */ = {
			isa = XCBuildConfiguration;
			buildSettings = {
				ALWAYS_SEARCH_USER_PATHS = NO;
				CLANG_CXX_LANGUAGE_STANDARD = "gnu++0x";
				CLANG_CXX_LIBRARY = "libc++";
				CLANG_ENABLE_MODULES = YES;
				CLANG_ENABLE_OBJC_ARC = YES;
				CLANG_WARN_BOOL_CONVERSION = YES;
				CLANG_WARN_CONSTANT_CONVERSION = YES;
				CLANG_WARN_DIRECT_OBJC_ISA_USAGE = YES_ERROR;
				CLANG_WARN_EMPTY_BODY = YES;
				CLANG_WARN_ENUM_CONVERSION = YES;
				CLANG_WARN_INT_CONVERSION = YES;
				CLANG_WARN_OBJC_ROOT_CLASS = YES_ERROR;
				CLANG_WARN_UNREACHABLE_CODE = YES;
				CLANG_WARN__DUPLICATE_METHOD_MATCH = YES;
				"CODE_SIGN_IDENTITY[sdk=iphoneos*]" = "iPhone Developer";
				COPY_PHASE_STRIP = YES;
				ENABLE_NS_ASSERTIONS = NO;
				ENABLE_STRICT_OBJC_MSGSEND = YES;
				GCC_C_LANGUAGE_STANDARD = gnu99;
				GCC_WARN_64_TO_32_BIT_CONVERSION = YES;
				GCC_WARN_ABOUT_RETURN_TYPE = YES_ERROR;
				GCC_WARN_UNDECLARED_SELECTOR = YES;
				GCC_WARN_UNINITIALIZED_AUTOS = YES_AGGRESSIVE;
				GCC_WARN_UNUSED_FUNCTION = YES;
				GCC_WARN_UNUSED_VARIABLE = YES;
				IPHONEOS_DEPLOYMENT_TARGET = 8.0;
				MTL_ENABLE_DEBUG_INFO = NO;
				SDKROOT = iphoneos;
				VALIDATE_PRODUCT = YES;
			};
			name = Release;
		};
		2A66D37519BE561800428144 /* Debug */ = {
			isa = XCBuildConfiguration;
			buildSettings = {
				ASSETCATALOG_COMPILER_APPICON_NAME = AppIcon;
				ASSETCATALOG_COMPILER_LAUNCHIMAGE_NAME = LaunchImage;
				DEFINES_MODULE = YES;
				INFOPLIST_FILE = "Photo Search Example/Info.plist";
				LD_RUNPATH_SEARCH_PATHS = "$(inherited) @executable_path/Frameworks";
				PRODUCT_NAME = "$(TARGET_NAME)";
				SWIFT_OBJC_BRIDGING_HEADER = "Photo Search Example/bridge.h";
			};
			name = Debug;
		};
		2A66D37619BE561800428144 /* Release */ = {
			isa = XCBuildConfiguration;
			buildSettings = {
				ASSETCATALOG_COMPILER_APPICON_NAME = AppIcon;
				ASSETCATALOG_COMPILER_LAUNCHIMAGE_NAME = LaunchImage;
				DEFINES_MODULE = YES;
				INFOPLIST_FILE = "Photo Search Example/Info.plist";
				LD_RUNPATH_SEARCH_PATHS = "$(inherited) @executable_path/Frameworks";
				PRODUCT_NAME = "$(TARGET_NAME)";
				SWIFT_OBJC_BRIDGING_HEADER = "Photo Search Example/bridge.h";
			};
			name = Release;
		};
		2A66D37819BE561800428144 /* Debug */ = {
			isa = XCBuildConfiguration;
			buildSettings = {
				BUNDLE_LOADER = "$(TEST_HOST)";
				FRAMEWORK_SEARCH_PATHS = (
					"$(SDKROOT)/Developer/Library/Frameworks",
					"$(inherited)",
				);
				GCC_PREPROCESSOR_DEFINITIONS = (
					"DEBUG=1",
					"$(inherited)",
				);
				INFOPLIST_FILE = "Photo Search ExampleTests/Info.plist";
				LD_RUNPATH_SEARCH_PATHS = "$(inherited) @executable_path/Frameworks @loader_path/Frameworks";
				PRODUCT_NAME = "$(TARGET_NAME)";
				TEST_HOST = "$(BUILT_PRODUCTS_DIR)/Photo Search Example.app/Photo Search Example";
			};
			name = Debug;
		};
		2A66D37919BE561800428144 /* Release */ = {
			isa = XCBuildConfiguration;
			buildSettings = {
				BUNDLE_LOADER = "$(TEST_HOST)";
				FRAMEWORK_SEARCH_PATHS = (
					"$(SDKROOT)/Developer/Library/Frameworks",
					"$(inherited)",
				);
				INFOPLIST_FILE = "Photo Search ExampleTests/Info.plist";
				LD_RUNPATH_SEARCH_PATHS = "$(inherited) @executable_path/Frameworks @loader_path/Frameworks";
				PRODUCT_NAME = "$(TARGET_NAME)";
				TEST_HOST = "$(BUILT_PRODUCTS_DIR)/Photo Search Example.app/Photo Search Example";
			};
			name = Release;
		};
/* End XCBuildConfiguration section */

/* Begin XCConfigurationList section */
		2A66D35319BE561800428144 /* Build configuration list for PBXProject "Photo Search Example" */ = {
			isa = XCConfigurationList;
			buildConfigurations = (
				2A66D37219BE561800428144 /* Debug */,
				2A66D37319BE561800428144 /* Release */,
			);
			defaultConfigurationIsVisible = 0;
			defaultConfigurationName = Release;
		};
		2A66D37419BE561800428144 /* Build configuration list for PBXNativeTarget "Photo Search Example" */ = {
			isa = XCConfigurationList;
			buildConfigurations = (
				2A66D37519BE561800428144 /* Debug */,
				2A66D37619BE561800428144 /* Release */,
			);
			defaultConfigurationIsVisible = 0;
			defaultConfigurationName = Release;
		};
		2A66D37719BE561800428144 /* Build configuration list for PBXNativeTarget "Photo Search ExampleTests" */ = {
			isa = XCConfigurationList;
			buildConfigurations = (
				2A66D37819BE561800428144 /* Debug */,
				2A66D37919BE561800428144 /* Release */,
			);
			defaultConfigurationIsVisible = 0;
			defaultConfigurationName = Release;
		};
/* End XCConfigurationList section */
	};
	rootObject = 2A66D35019BE561800428144 /* Project object */;
}
